Microsoft Visual Studio Solution File, Format Version 12.00
# Visual Studio 2012
VisualStudioVersion = 12.0.0.0
MinimumVisualStudioVersion = 10.0.0.1
Project("{FAE04EC0-301F-11D3-BF4B-00C04F79EFBC}") = "Aspose.CAD.Cloud.Sdk", "src\Aspose.CAD.Cloud.Sdk\Aspose.CAD.Cloud.Sdk.csproj", "{03856CCB-E4B6-422B-9F11-5802F662080D}"
EndProject
Project("{FAE04EC0-301F-11D3-BF4B-00C04F79EFBC}") = "Aspose.CAD.Cloud.Sdk.Test", "src\Aspose.CAD.Cloud.Sdk.Test\Aspose.CAD.Cloud.Sdk.Test.csproj", "{19F1DEBC-DE5E-4517-8062-F000CD499087}"
EndProject
Global
	GlobalSection(SolutionConfigurationPlatforms) = preSolution
		Debug|Any CPU = Debug|Any CPU
		Release|Any CPU = Release|Any CPU
	EndGlobalSection
	GlobalSection(ProjectConfigurationPlatforms) = postSolution
		{03856CCB-E4B6-422B-9F11-5802F662080D}.Debug|Any CPU.ActiveCfg = Debug|Any CPU
		{03856CCB-E4B6-422B-9F11-5802F662080D}.Debug|Any CPU.Build.0 = Debug|Any CPU
		{03856CCB-E4B6-422B-9F11-5802F662080D}.Release|Any CPU.ActiveCfg = Release|Any CPU
		{03856CCB-E4B6-422B-9F11-5802F662080D}.Release|Any CPU.Build.0 = Release|Any CPU
		{19F1DEBC-DE5E-4517-8062-F000CD499087}.Debug|Any CPU.ActiveCfg = Debug|Any CPU
		{19F1DEBC-DE5E-4517-8062-F000CD499087}.Debug|Any CPU.Build.0 = Debug|Any CPU
		{19F1DEBC-DE5E-4517-8062-F000CD499087}.Release|Any CPU.ActiveCfg = Release|Any CPU
		{19F1DEBC-DE5E-4517-8062-F000CD499087}.Release|Any CPU.Build.0 = Release|Any CPU
	EndGlobalSection
	GlobalSection(SolutionProperties) = preSolution
		HideSolutionNode = FALSE
	EndGlobalSection
EndGlobal